
Microsoft Visual Studio Solution File, Format Version 12.00
# Visual Studio Version 16
VisualStudioVersion = 16.0.30523.141
MinimumVisualStudioVersion = 10.0.40219.1
Project("{FAE04EC0-301F-11D3-BF4B-00C04F79EFBC}") = "Potok", "Potok.csproj", "{FF685C52-6B1A-4FCF-90FC-9EFF22283266}"
EndProject
Project("{9A19103F-16F7-4668-BE54-9A1E7A4F7556}") = "PotokSSE", "..\PotokSSE\PotokSSE.csproj", "{DD42E9EE-C81B-4BCE-9AF9-CBB3D26819EF}"
EndProject
Global
	GlobalSection(SolutionConfigurationPlatforms) = preSolution
		Debug|Any CPU = Debug|Any CPU
		Debug|x64 = Debug|x64
		Release|Any CPU = Release|Any CPU
		Release|x64 = Release|x64
	EndGlobalSection
	GlobalSection(ProjectConfigurationPlatforms) = postSolution
		{FF685C52-6B1A-4FCF-90FC-9EFF22283266}.Debug|Any CPU.ActiveCfg = Debug|Any CPU
		{FF685C52-6B1A-4FCF-90FC-9EFF22283266}.Debug|Any CPU.Build.0 = Debug|Any CPU
		{FF685C52-6B1A-4FCF-90FC-9EFF22283266}.Debug|x64.ActiveCfg = Debug|x64
		{FF685C52-6B1A-4FCF-90FC-9EFF22283266}.Debug|x64.Build.0 = Debug|x64
		{FF685C52-6B1A-4FCF-90FC-9EFF22283266}.Release|Any CPU.ActiveCfg = Release|Any CPU
		{FF685C52-6B1A-4FCF-90FC-9EFF22283266}.Release|Any CPU.Build.0 = Release|Any CPU
		{FF685C52-6B1A-4FCF-90FC-9EFF22283266}.Release|x64.ActiveCfg = Release|x64
		{FF685C52-6B1A-4FCF-90FC-9EFF22283266}.Release|x64.Build.0 = Release|x64
		{DD42E9EE-C81B-4BCE-9AF9-CBB3D26819EF}.Debug|Any CPU.ActiveCfg = Debug|Any CPU
		{DD42E9EE-C81B-4BCE-9AF9-CBB3D26819EF}.Debug|Any CPU.Build.0 = Debug|Any CPU
		{DD42E9EE-C81B-4BCE-9AF9-CBB3D26819EF}.Debug|x64.ActiveCfg = Debug|x64
		{DD42E9EE-C81B-4BCE-9AF9-CBB3D26819EF}.Debug|x64.Build.0 = Debug|x64
		{DD42E9EE-C81B-4BCE-9AF9-CBB3D26819EF}.Release|Any CPU.ActiveCfg = Release|Any CPU
		{DD42E9EE-C81B-4BCE-9AF9-CBB3D26819EF}.Release|Any CPU.Build.0 = Release|Any CPU
		{DD42E9EE-C81B-4BCE-9AF9-CBB3D26819EF}.Release|x64.ActiveCfg = Release|x64
		{DD42E9EE-C81B-4BCE-9AF9-CBB3D26819EF}.Release|x64.Build.0 = Release|x64
	EndGlobalSection
	GlobalSection(SolutionProperties) = preSolution
		HideSolutionNode = FALSE
	EndGlobalSection
	GlobalSection(ExtensibilityGlobals) = postSolution
		SolutionGuid = {094ACE8B-7CBA-4212-BB34-FE5E7F7D5135}
	EndGlobalSection
EndGlobal
